
Microsoft Visual Studio Solution File, Format Version 12.00
# Visual Studio 15
VisualStudioVersion = 15.0.26730.16
MinimumVisualStudioVersion = 10.0.40219.1
Project("{8BC9CEB8-8B4A-11D0-8D11-00A0C91BC942}") = "Lab4", "Lab4\Lab4.vcxproj", "{5DB27529-5489-480B-9D2B-1205DE182FCA}"
EndProject
Global
	GlobalSection(SolutionConfigurationPlatforms) = preSolution
		Debug|x64 = Debug|x64
		Debug|x86 = Debug|x86
		Release|x64 = Release|x64
		Release|x86 = Release|x86
	EndGlobalSection
	GlobalSection(ProjectConfigurationPlatforms) = postSolution
		{5DB27529-5489-480B-9D2B-1205DE182FCA}.Debug|x64.ActiveCfg = Debug|x64
		{5DB27529-5489-480B-9D2B-1205DE182FCA}.Debug|x64.Build.0 = Debug|x64
		{5DB27529-5489-480B-9D2B-1205DE182FCA}.Debug|x86.ActiveCfg = Debug|Win32
		{5DB27529-5489-480B-9D2B-1205DE182FCA}.Debug|x86.Build.0 = Debug|Win32
		{5DB27529-5489-480B-9D2B-1205DE182FCA}.Release|x64.ActiveCfg = Release|x64
		{5DB27529-5489-480B-9D2B-1205DE182FCA}.Release|x64.Build.0 = Release|x64
		{5DB27529-5489-480B-9D2B-1205DE182FCA}.Release|x86.ActiveCfg = Release|Win32
		{5DB27529-5489-480B-9D2B-1205DE182FCA}.Release|x86.Build.0 = Release|Win32
	EndGlobalSection
	GlobalSection(SolutionProperties) = preSolution
		HideSolutionNode = FALSE
	EndGlobalSection
	GlobalSection(ExtensibilityGlobals) = postSolution
		SolutionGuid = {49AF4242-11A3-4028-A1E5-EB9A880ED068}
	EndGlobalSection
EndGlobal
